
Microsoft Visual Studio Solution File, Format Version 12.00
# Visual Studio Version 17
VisualStudioVersion = 17.0.31903.59
MinimumVisualStudioVersion = 10.0.40219.1
Project("{FAE04EC0-301F-11D3-BF4B-00C04F79EFBC}") = "testRepo", "testRepo.csproj", "{809A153F-B138-4E20-884A-DC27587228D7}"
EndProject
Global
	GlobalSection(SolutionConfigurationPlatforms) = preSolution
		Debug|Any CPU = Debug|Any CPU
		Release|Any CPU = Release|Any CPU
	EndGlobalSection
	GlobalSection(ProjectConfigurationPlatforms) = postSolution
		{809A153F-B138-4E20-884A-DC27587228D7}.Debug|Any CPU.ActiveCfg = Debug|Any CPU
		{809A153F-B138-4E20-884A-DC27587228D7}.Debug|Any CPU.Build.0 = Debug|Any CPU
		{809A153F-B138-4E20-884A-DC27587228D7}.Release|Any CPU.ActiveCfg = Release|Any CPU
		{809A153F-B138-4E20-884A-DC27587228D7}.Release|Any CPU.Build.0 = Release|Any CPU
	EndGlobalSection
	GlobalSection(SolutionProperties) = preSolution
		HideSolutionNode = FALSE
	EndGlobalSection
	GlobalSection(ExtensibilityGlobals) = postSolution
		SolutionGuid = {3D68E69A-AF79-4A5E-90AE-73DA5E391DA7}
	EndGlobalSection
EndGlobal
